<?xml version="1.0" encoding="utf-8"?>
<Project ToolsVersion="4.0" xmlns="http://schemas.microsoft.com/developer/msbuild/2003">
  <ItemGroup>
    <Filter Include="Source Files">
      <UniqueIdentifier>{b5ee10b7-38fc-4733-b412-54513f2af87f}</UniqueIdentifier>
      <Extensions>cpp;c;cxx;rc;def;r;odl;idl;hpj;bat</Extensions>
    </Filter>
    <Filter Include="Source Files\Utils">
      <UniqueIdentifier>{efe83620-db14-444d-8209-05bce3d61c21}</UniqueIdentifier>
    </Filter>
    <Filter Include="Source Files\Core">
      <UniqueIdentifier>{df4c7d8d-2365-4802-9ba8-21c8e0ec6233}</UniqueIdentifier>
    </Filter>
    <Filter Include="Source Files\Layout">
      <UniqueIdentifier>{0b7103d5-180b-4859-9cbf-67499b658f4a}</UniqueIdentifier>
    </Filter>
    <Filter Include="Source Files\Control">
      <UniqueIdentifier>{31b5565e-9fc3-4eac-a4e8-56303394f25d}</UniqueIdentifier>
    </Filter>
    <Filter Include="Header Files">
      <UniqueIdentifier>{89bdad7f-c24c-41c5-b1c0-b8ade976ea3a}</UniqueIdentifier>
      <Extensions>h;hpp;hxx;hm;inl</Extensions>
    </Filter>
    <Filter Include="Header Files\Utils">
      <UniqueIdentifier>{fe327779-baea-40ed-8a5c-c76b46e2b57d}</UniqueIdentifier>
    </Filter>
    <Filter Include="Header Files\Core">
      <UniqueIdentifier>{688b490f-6080-4916-9184-b18034ca4290}</UniqueIdentifier>
    </Filter>
    <Filter Include="Header Files\Layout">
      <UniqueIdentifier>{269a786f-6b78-428a-9179-b518a6456922}</UniqueIdentifier>
    </Filter>
    <Filter Include="Header Files\Control">
      <UniqueIdentifier>{ea56a2ab-40a8-4d3a-bcb0-674d658bb971}</UniqueIdentifier>
    </Filter>
    <Filter Include="Resource Files">
      <UniqueIdentifier>{53234744-9da5-4616-8d68-ca47fc962233}</UniqueIdentifier>
      <Extensions>ico;cur;bmp;dlg;rc2;rct;bin;rgs;gif;jpg;jpeg;jpe</Extensions>
    </Filter>
  </ItemGroup>
  <ItemGroup>
    <ClInclude Include="StdAfx.h">
      <Filter>Header Files</Filter>
    </ClInclude>
    <ClInclude Include="UIlib.h">
      <Filter>Header Files</Filter>
    </ClInclude>
    <ClInclude Include="Control\UIActiveX.h">
      <Filter>Header Files\Control</Filter>
    </ClInclude>
    <ClInclude Include="Control\UIButton.h">
      <Filter>Header Files\Control</Filter>
    </ClInclude>
    <ClInclude Include="Control\UICheckBox.h">
      <Filter>Header Files\Control</Filter>
    </ClInclude>
    <ClInclude Include="Control\UICombo.h">
      <Filter>Header Files\Control</Filter>
    </ClInclude>
    <ClInclude Include="Control\UIComboBox.h">
      <Filter>Header Files\Control</Filter>
    </ClInclude>
    <ClInclude Include="Control\UIDateTime.h">
      <Filter>Header Files\Control</Filter>
    </ClInclude>
    <ClInclude Include="Control\UIEdit.h">
      <Filter>Header Files\Control</Filter>
    </ClInclude>
    <ClInclude Include="Control\UIFlash.h">
      <Filter>Header Files\Control</Filter>
    </ClInclude>
    <ClInclude Include="Control\UILabel.h">
      <Filter>Header Files\Control</Filter>
    </ClInclude>
    <ClInclude Include="Control\UIList.h">
      <Filter>Header Files\Control</Filter>
    </ClInclude>
    <ClInclude Include="Control\UIOption.h">
      <Filter>Header Files\Control</Filter>
    </ClInclude>
    <ClInclude Include="Control\UIProgress.h">
      <Filter>Header Files\Control</Filter>
    </ClInclude>
    <ClInclude Include="Control\UIRichEdit.h">
      <Filter>Header Files\Control</Filter>
    </ClInclude>
    <ClInclude Include="Control\UIScrollBar.h">
      <Filter>Header Files\Control</Filter>
    </ClInclude>
    <ClInclude Include="Control\UISlider.h">
      <Filter>Header Files\Control</Filter>
    </ClInclude>
    <ClInclude Include="Control\UIText.h">
      <Filter>Header Files\Control</Filter>
    </ClInclude>
    <ClInclude Include="Control\UITreeView.h">
      <Filter>Header Files\Control</Filter>
    </ClInclude>
    <ClInclude Include="Control\UIWebBrowser.h">
      <Filter>Header Files\Control</Filter>
    </ClInclude>
    <ClInclude Include="Core\UIBase.h">
      <Filter>Header Files\Core</Filter>
    </ClInclude>
    <ClInclude Include="Core\UIContainer.h">
      <Filter>Header Files\Core</Filter>
    </ClInclude>
    <ClInclude Include="Core\UIControl.h">
      <Filter>Header Files\Core</Filter>
    </ClInclude>
    <ClInclude Include="Core\UIDefine.h">
      <Filter>Header Files\Core</Filter>
    </ClInclude>
    <ClInclude Include="Core\UIDlgBuilder.h">
      <Filter>Header Files\Core</Filter>
    </ClInclude>
    <ClInclude Include="Core\UIManager.h">
      <Filter>Header Files\Core</Filter>
    </ClInclude>
    <ClInclude Include="Core\UIMarkup.h">
      <Filter>Header Files\Core</Filter>
    </ClInclude>
    <ClInclude Include="Core\UIRender.h">
      <Filter>Header Files\Core</Filter>
    </ClInclude>
    <ClInclude Include="Layout\UIChildLayout.h">
      <Filter>Header Files\Layout</Filter>
    </ClInclude>
    <ClInclude Include="Layout\UIHorizontalLayout.h">
      <Filter>Header Files\Layout</Filter>
    </ClInclude>
    <ClInclude Include="Layout\UITabLayout.h">
      <Filter>Header Files\Layout</Filter>
    </ClInclude>
    <ClInclude Include="Layout\UITileLayout.h">
      <Filter>Header Files\Layout</Filter>
    </ClInclude>
    <ClInclude Include="Layout\UIVerticalLayout.h">
      <Filter>Header Files\Layout</Filter>
    </ClInclude>
    <ClInclude Include="Utils\downloadmgr.h">
      <Filter>Header Files\Utils</Filter>
    </ClInclude>
    <ClInclude Include="Utils\FlashEventHandler.h">
      <Filter>Header Files\Utils</Filter>
    </ClInclude>
    <ClInclude Include="Utils\UIDelegate.h">
      <Filter>Header Files\Utils</Filter>
    </ClInclude>
    <ClInclude Include="Utils\Utils.h">
      <Filter>Header Files\Utils</Filter>
    </ClInclude>
    <ClInclude Include="Utils\WebBrowserEventHandler.h">
      <Filter>Header Files\Utils</Filter>
    </ClInclude>
    <ClInclude Include="Utils\WinImplBase.h">
      <Filter>Header Files\Utils</Filter>
    </ClInclude>
  </ItemGroup>
  <ItemGroup>
    <ClCompile Include="StdAfx.cpp">
      <Filter>Source Files</Filter>
    </ClCompile>
    <ClCompile Include="UIlib.cpp">
      <Filter>Source Files</Filter>
    </ClCompile>
    <ClCompile Include="Control\UIActiveX.cpp">
      <Filter>Source Files\Control</Filter>
    </ClCompile>
    <ClCompile Include="Control\UIButton.cpp">
      <Filter>Source Files\Control</Filter>
    </ClCompile>
    <ClCompile Include="Control\UICheckBox.cpp">
      <Filter>Source Files\Control</Filter>
    </ClCompile>
    <ClCompile Include="Control\UICombo.cpp">
      <Filter>Source Files\Control</Filter>
    </ClCompile>
    <ClCompile Include="Control\UIComboBox.cpp">
      <Filter>Source Files\Control</Filter>
    </ClCompile>
    <ClCompile Include="Control\UIDateTime.cpp">
      <Filter>Source Files\Control</Filter>
    </ClCompile>
    <ClCompile Include="Control\UIEdit.cpp">
      <Filter>Source Files\Control</Filter>
    </ClCompile>
    <ClCompile Include="Control\UIFlash.cpp">
      <Filter>Source Files\Control</Filter>
    </ClCompile>
    <ClCompile Include="Control\UILabel.cpp">
      <Filter>Source Files\Control</Filter>
    </ClCompile>
    <ClCompile Include="Control\UIList.cpp">
      <Filter>Source Files\Control</Filter>
    </ClCompile>
    <ClCompile Include="Control\UIOption.cpp">
      <Filter>Source Files\Control</Filter>
    </ClCompile>
    <ClCompile Include="Control\UIProgress.cpp">
      <Filter>Source Files\Control</Filter>
    </ClCompile>
    <ClCompile Include="Control\UIRichEdit.cpp">
      <Filter>Source Files\Control</Filter>
    </ClCompile>
    <ClCompile Include="Control\UIScrollBar.cpp">
      <Filter>Source Files\Control</Filter>
    </ClCompile>
    <ClCompile Include="Control\UISlider.cpp">
      <Filter>Source Files\Control</Filter>
    </ClCompile>
    <ClCompile Include="Control\UIText.cpp">
      <Filter>Source Files\Control</Filter>
    </ClCompile>
    <ClCompile Include="Control\UITreeView.cpp">
      <Filter>Source Files\Control</Filter>
    </ClCompile>
    <ClCompile Include="Control\UIWebBrowser.cpp">
      <Filter>Source Files\Control</Filter>
    </ClCompile>
    <ClCompile Include="Core\UIBase.cpp">
      <Filter>Source Files\Core</Filter>
    </ClCompile>
    <ClCompile Include="Core\UIContainer.cpp">
      <Filter>Source Files\Core</Filter>
    </ClCompile>
    <ClCompile Include="Core\UIControl.cpp">
      <Filter>Source Files\Core</Filter>
    </ClCompile>
    <ClCompile Include="Core\UIDlgBuilder.cpp">
      <Filter>Source Files\Core</Filter>
    </ClCompile>
    <ClCompile Include="Core\UIManager.cpp">
      <Filter>Source Files\Core</Filter>
    </ClCompile>
    <ClCompile Include="Core\UIMarkup.cpp">
      <Filter>Source Files\Core</Filter>
    </ClCompile>
    <ClCompile Include="Core\UIRender.cpp">
      <Filter>Source Files\Core</Filter>
    </ClCompile>
    <ClCompile Include="Layout\UIChildLayout.cpp">
      <Filter>Source Files\Layout</Filter>
    </ClCompile>
    <ClCompile Include="Layout\UIHorizontalLayout.cpp">
      <Filter>Source Files\Layout</Filter>
    </ClCompile>
    <ClCompile Include="Layout\UITabLayout.cpp">
      <Filter>Source Files\Layout</Filter>
    </ClCompile>
    <ClCompile Include="Layout\UITileLayout.cpp">
      <Filter>Source Files\Layout</Filter>
    </ClCompile>
    <ClCompile Include="Layout\UIVerticalLayout.cpp">
      <Filter>Source Files\Layout</Filter>
    </ClCompile>
    <ClCompile Include="Utils\stb_image.c">
      <Filter>Source Files\Utils</Filter>
    </ClCompile>
    <ClCompile Include="Utils\UIDelegate.cpp">
      <Filter>Source Files\Utils</Filter>
    </ClCompile>
    <ClCompile Include="Utils\Utils.cpp">
      <Filter>Source Files\Utils</Filter>
    </ClCompile>
    <ClCompile Include="Utils\WinImplBase.cpp">
      <Filter>Source Files\Utils</Filter>
    </ClCompile>
    <ClCompile Include="Utils\XUnzip.cpp">
      <Filter>Source Files\Utils</Filter>
    </ClCompile>
  </ItemGroup>
</Project>